
Microsoft Visual Studio Solution File, Format Version 12.00
# Visual Studio Version 17
VisualStudioVersion = 17.8.34525.116
MinimumVisualStudioVersion = 10.0.40219.1
Project("{FAE04EC0-301F-11D3-BF4B-00C04F79EFBC}") = "Parte2_Natillera", "Parte2_Natillera.csproj", "{154BC215-9853-46D9-9DEA-5D496D0DD6ED}"
EndProject
Project("{911E67C6-3D85-4FCE-B560-20A9C3E3FF48}") = "Parte1_juego", "..\..\Parte1_juego\bin\Debug\net6.0\Parte1_juego.exe", "{2DA6FC60-FE7B-46E4-A562-008ECAD94DFD}"
	ProjectSection(DebuggerProjectSystem) = preProject
		PortSupplier = 00000000-0000-0000-0000-000000000000
		Executable = C:\Respositorio_LyP\Parciales\Parte1_juego\Parte1_juego\bin\Debug\net6.0\Parte1_juego.exe
		RemoteMachine = LAPTOP-6U4MTIM9
		StartingDirectory = C:\Respositorio_LyP\Parciales\Parte1_juego\Parte1_juego\bin\Debug\net6.0
		Environment = Default
		LaunchingEngine = 00000000-0000-0000-0000-000000000000
		UseLegacyDebugEngines = No
		LaunchSQLEngine = No
		AttachLaunchAction = No
		IORedirection = Auto
	EndProjectSection
EndProject
Global
	GlobalSection(SolutionConfigurationPlatforms) = preSolution
		Debug|Any CPU = Debug|Any CPU
		Debug|x64 = Debug|x64
		Release|Any CPU = Release|Any CPU
		Release|x64 = Release|x64
	EndGlobalSection
	GlobalSection(ProjectConfigurationPlatforms) = postSolution
		{154BC215-9853-46D9-9DEA-5D496D0DD6ED}.Debug|Any CPU.ActiveCfg = Debug|Any CPU
		{154BC215-9853-46D9-9DEA-5D496D0DD6ED}.Debug|Any CPU.Build.0 = Debug|Any CPU
		{154BC215-9853-46D9-9DEA-5D496D0DD6ED}.Debug|x64.ActiveCfg = Debug|Any CPU
		{154BC215-9853-46D9-9DEA-5D496D0DD6ED}.Debug|x64.Build.0 = Debug|Any CPU
		{154BC215-9853-46D9-9DEA-5D496D0DD6ED}.Release|Any CPU.ActiveCfg = Release|Any CPU
		{154BC215-9853-46D9-9DEA-5D496D0DD6ED}.Release|Any CPU.Build.0 = Release|Any CPU
		{154BC215-9853-46D9-9DEA-5D496D0DD6ED}.Release|x64.ActiveCfg = Release|Any CPU
		{154BC215-9853-46D9-9DEA-5D496D0DD6ED}.Release|x64.Build.0 = Release|Any CPU
		{2DA6FC60-FE7B-46E4-A562-008ECAD94DFD}.Debug|Any CPU.ActiveCfg = Release|x64
		{2DA6FC60-FE7B-46E4-A562-008ECAD94DFD}.Debug|x64.ActiveCfg = Release|x64
		{2DA6FC60-FE7B-46E4-A562-008ECAD94DFD}.Release|Any CPU.ActiveCfg = Release|x64
		{2DA6FC60-FE7B-46E4-A562-008ECAD94DFD}.Release|x64.ActiveCfg = Release|x64
	EndGlobalSection
	GlobalSection(SolutionProperties) = preSolution
		HideSolutionNode = FALSE
	EndGlobalSection
	GlobalSection(ExtensibilityGlobals) = postSolution
		SolutionGuid = {D8930754-18D1-436D-BF5D-879F41862E08}
	EndGlobalSection
EndGlobal
