
Microsoft Visual Studio Solution File, Format Version 12.00
# Visual Studio Version 17
VisualStudioVersion = 17.8.34525.116
MinimumVisualStudioVersion = 10.0.40219.1
Project("{FAE04EC0-301F-11D3-BF4B-00C04F79EFBC}") = "Parte1_juego", "Parte1_juego.csproj", "{9C4A349F-A099-4460-8F0F-28EA97A75AFA}"
EndProject
Project("{FAE04EC0-301F-11D3-BF4B-00C04F79EFBC}") = "Parte2_Natillera", "..\Parte2_Natillera\Parte2_Natillera\Parte2_Natillera.csproj", "{6C3C0B7B-B1B9-42F3-897B-F5A1DC06C6CC}"
EndProject
Global
	GlobalSection(SolutionConfigurationPlatforms) = preSolution
		Debug|Any CPU = Debug|Any CPU
		Release|Any CPU = Release|Any CPU
	EndGlobalSection
	GlobalSection(ProjectConfigurationPlatforms) = postSolution
		{9C4A349F-A099-4460-8F0F-28EA97A75AFA}.Debug|Any CPU.ActiveCfg = Debug|Any CPU
		{9C4A349F-A099-4460-8F0F-28EA97A75AFA}.Debug|Any CPU.Build.0 = Debug|Any CPU
		{9C4A349F-A099-4460-8F0F-28EA97A75AFA}.Release|Any CPU.ActiveCfg = Release|Any CPU
		{9C4A349F-A099-4460-8F0F-28EA97A75AFA}.Release|Any CPU.Build.0 = Release|Any CPU
		{6C3C0B7B-B1B9-42F3-897B-F5A1DC06C6CC}.Debug|Any CPU.ActiveCfg = Debug|Any CPU
		{6C3C0B7B-B1B9-42F3-897B-F5A1DC06C6CC}.Debug|Any CPU.Build.0 = Debug|Any CPU
		{6C3C0B7B-B1B9-42F3-897B-F5A1DC06C6CC}.Release|Any CPU.ActiveCfg = Release|Any CPU
		{6C3C0B7B-B1B9-42F3-897B-F5A1DC06C6CC}.Release|Any CPU.Build.0 = Release|Any CPU
	EndGlobalSection
	GlobalSection(SolutionProperties) = preSolution
		HideSolutionNode = FALSE
	EndGlobalSection
	GlobalSection(ExtensibilityGlobals) = postSolution
		SolutionGuid = {644D11EF-644C-4363-9377-F95E2F0FC8D0}
	EndGlobalSection
EndGlobal
